
Microsoft Visual Studio Solution File, Format Version 12.00
# Visual Studio Version 16
VisualStudioVersion = 16.0.30413.136
MinimumVisualStudioVersion = 10.0.40219.1
Project("{8BC9CEB8-8B4A-11D0-8D11-00A0C91BC942}") = "siv3D_game", "siv3D_game\siv3D_game.vcxproj", "{24D8FCF9-AB1A-4C54-A6F0-F6EEB5286BBE}"
EndProject
Global
	GlobalSection(SolutionConfigurationPlatforms) = preSolution
		Debug|x64 = Debug|x64
		Release|x64 = Release|x64
	EndGlobalSection
	GlobalSection(ProjectConfigurationPlatforms) = postSolution
		{24D8FCF9-AB1A-4C54-A6F0-F6EEB5286BBE}.Debug|x64.ActiveCfg = Debug|x64
		{24D8FCF9-AB1A-4C54-A6F0-F6EEB5286BBE}.Debug|x64.Build.0 = Debug|x64
		{24D8FCF9-AB1A-4C54-A6F0-F6EEB5286BBE}.Release|x64.ActiveCfg = Release|x64
		{24D8FCF9-AB1A-4C54-A6F0-F6EEB5286BBE}.Release|x64.Build.0 = Release|x64
	EndGlobalSection
	GlobalSection(SolutionProperties) = preSolution
		HideSolutionNode = FALSE
	EndGlobalSection
	GlobalSection(ExtensibilityGlobals) = postSolution
		SolutionGuid = {982B12AE-7943-4D33-A400-1AA0F393AE4A}
	EndGlobalSection
EndGlobal
